# Generated by pub
# See http://pub.dartlang.org/doc/glossary.html#lockfile
packages:
  browser:
    description: browser
    source: hosted
    version: "0.10.0+2"
  google_maps:
    description: google_maps
    source: hosted
    version: "2.0.7"
  js_wrapping:
    description: js_wrapping
    source: hosted
    version: "0.1.2"
  lawndart:
    description: lawndart
    source: hosted
    version: "0.6.5"
